
Microsoft Visual Studio Solution File, Format Version 12.00
Project("{FAE04EC0-301F-11D3-BF4B-00C04F79EFBC}") = "Hangar", "Hangar\Hangar.csproj", "{D22A7535-0CD1-4AE2-A256-77C67A7292D2}"
EndProject
Project("{FAE04EC0-301F-11D3-BF4B-00C04F79EFBC}") = "Hangar.Dao", "Hangar.Dao\Hangar.Dao.csproj", "{1BA1F08F-62C8-474B-BAC2-B9D097036E2E}"
EndProject
Project("{FAE04EC0-301F-11D3-BF4B-00C04F79EFBC}") = "Hangar.Models", "Hangar.Models\Hangar.Models.csproj", "{4B9D4794-9120-4046-B47D-EF676F01C32E}"
EndProject
Global
	GlobalSection(SolutionConfigurationPlatforms) = preSolution
		Debug|Any CPU = Debug|Any CPU
		Release|Any CPU = Release|Any CPU
	EndGlobalSection
	GlobalSection(ProjectConfigurationPlatforms) = postSolution
		{D22A7535-0CD1-4AE2-A256-77C67A7292D2}.Debug|Any CPU.ActiveCfg = Debug|Any CPU
		{D22A7535-0CD1-4AE2-A256-77C67A7292D2}.Debug|Any CPU.Build.0 = Debug|Any CPU
		{D22A7535-0CD1-4AE2-A256-77C67A7292D2}.Release|Any CPU.ActiveCfg = Release|Any CPU
		{D22A7535-0CD1-4AE2-A256-77C67A7292D2}.Release|Any CPU.Build.0 = Release|Any CPU
		{1BA1F08F-62C8-474B-BAC2-B9D097036E2E}.Debug|Any CPU.ActiveCfg = Debug|Any CPU
		{1BA1F08F-62C8-474B-BAC2-B9D097036E2E}.Debug|Any CPU.Build.0 = Debug|Any CPU
		{1BA1F08F-62C8-474B-BAC2-B9D097036E2E}.Release|Any CPU.ActiveCfg = Release|Any CPU
		{1BA1F08F-62C8-474B-BAC2-B9D097036E2E}.Release|Any CPU.Build.0 = Release|Any CPU
		{4B9D4794-9120-4046-B47D-EF676F01C32E}.Debug|Any CPU.ActiveCfg = Debug|Any CPU
		{4B9D4794-9120-4046-B47D-EF676F01C32E}.Debug|Any CPU.Build.0 = Debug|Any CPU
		{4B9D4794-9120-4046-B47D-EF676F01C32E}.Release|Any CPU.ActiveCfg = Release|Any CPU
		{4B9D4794-9120-4046-B47D-EF676F01C32E}.Release|Any CPU.Build.0 = Release|Any CPU
	EndGlobalSection
EndGlobal
